
Microsoft Visual Studio Solution File, Format Version 12.00
# Visual Studio Version 17
VisualStudioVersion = 17.10.35013.160
MinimumVisualStudioVersion = 10.0.40219.1
Project("{FAE04EC0-301F-11D3-BF4B-00C04F79EFBC}") = "JavascriptLearningTool", "JavascriptLearningTool\JavascriptLearningTool\JavascriptLearningTool.csproj", "{AB2B2E41-D0EE-49CB-B465-C692C9EBE2D0}"
EndProject
Project("{FAE04EC0-301F-11D3-BF4B-00C04F79EFBC}") = "JavascriptLearningTool.Client", "JavascriptLearningTool\JavascriptLearningTool.Client\JavascriptLearningTool.Client.csproj", "{B7411B9E-80D0-4B47-A440-78A667650B21}"
EndProject
Global
	GlobalSection(SolutionConfigurationPlatforms) = preSolution
		Debug|Any CPU = Debug|Any CPU
		Release|Any CPU = Release|Any CPU
	EndGlobalSection
	GlobalSection(ProjectConfigurationPlatforms) = postSolution
		{AB2B2E41-D0EE-49CB-B465-C692C9EBE2D0}.Debug|Any CPU.ActiveCfg = Debug|Any CPU
		{AB2B2E41-D0EE-49CB-B465-C692C9EBE2D0}.Debug|Any CPU.Build.0 = Debug|Any CPU
		{AB2B2E41-D0EE-49CB-B465-C692C9EBE2D0}.Release|Any CPU.ActiveCfg = Release|Any CPU
		{AB2B2E41-D0EE-49CB-B465-C692C9EBE2D0}.Release|Any CPU.Build.0 = Release|Any CPU
		{B7411B9E-80D0-4B47-A440-78A667650B21}.Debug|Any CPU.ActiveCfg = Debug|Any CPU
		{B7411B9E-80D0-4B47-A440-78A667650B21}.Debug|Any CPU.Build.0 = Debug|Any CPU
		{B7411B9E-80D0-4B47-A440-78A667650B21}.Release|Any CPU.ActiveCfg = Release|Any CPU
		{B7411B9E-80D0-4B47-A440-78A667650B21}.Release|Any CPU.Build.0 = Release|Any CPU
	EndGlobalSection
	GlobalSection(SolutionProperties) = preSolution
		HideSolutionNode = FALSE
	EndGlobalSection
	GlobalSection(ExtensibilityGlobals) = postSolution
		SolutionGuid = {59FF8A8F-B6A5-4AB3-8F8F-F882AD04AF16}
	EndGlobalSection
EndGlobal
